
Microsoft Visual Studio Solution File, Format Version 12.00
# Visual Studio Version 17
VisualStudioVersion = 17.9.34728.123
MinimumVisualStudioVersion = 10.0.40219.1
Project("{FAE04EC0-301F-11D3-BF4B-00C04F79EFBC}") = "FirstApp", "FirstApp\FirstApp.csproj", "{770243DF-CC26-443F-92D3-0205326AA2D6}"
EndProject
Project("{9A19103F-16F7-4668-BE54-9A1E7A4F7556}") = "Anketa", "Anketa\Anketa.csproj", "{12ECADA7-9401-40D7-B0DD-5297F90D16FE}"
EndProject
Project("{FAE04EC0-301F-11D3-BF4B-00C04F79EFBC}") = "Methods", "Methods\Methods.csproj", "{F32EF368-E309-4FD6-AF8D-F644ABB07608}"
EndProject
Project("{FAE04EC0-301F-11D3-BF4B-00C04F79EFBC}") = "MethodsFinalTask", "MethodsFinalTask\MethodsFinalTask.csproj", "{270928DA-E368-4B71-B22B-8451E97E80D0}"
EndProject
Project("{FAE04EC0-301F-11D3-BF4B-00C04F79EFBC}") = "OOP", "OOP\OOP.csproj", "{503EA53B-E18A-46F7-AE0F-1648CAACAF3B}"
EndProject
Project("{FAE04EC0-301F-11D3-BF4B-00C04F79EFBC}") = "OOPFinalTask", "OOPFinalTask\OOPFinalTask.csproj", "{2B3D67E2-8E13-4011-9398-5A07E1345F87}"
EndProject
Project("{FAE04EC0-301F-11D3-BF4B-00C04F79EFBC}") = "Files", "Files\Files.csproj", "{93E53FC4-25C5-429B-9DDA-B1EB2F9DA1C2}"
EndProject
Global
	GlobalSection(SolutionConfigurationPlatforms) = preSolution
		Debug|Any CPU = Debug|Any CPU
		Release|Any CPU = Release|Any CPU
	EndGlobalSection
	GlobalSection(ProjectConfigurationPlatforms) = postSolution
		{770243DF-CC26-443F-92D3-0205326AA2D6}.Debug|Any CPU.ActiveCfg = Debug|Any CPU
		{770243DF-CC26-443F-92D3-0205326AA2D6}.Debug|Any CPU.Build.0 = Debug|Any CPU
		{770243DF-CC26-443F-92D3-0205326AA2D6}.Release|Any CPU.ActiveCfg = Release|Any CPU
		{770243DF-CC26-443F-92D3-0205326AA2D6}.Release|Any CPU.Build.0 = Release|Any CPU
		{12ECADA7-9401-40D7-B0DD-5297F90D16FE}.Debug|Any CPU.ActiveCfg = Debug|Any CPU
		{12ECADA7-9401-40D7-B0DD-5297F90D16FE}.Debug|Any CPU.Build.0 = Debug|Any CPU
		{12ECADA7-9401-40D7-B0DD-5297F90D16FE}.Release|Any CPU.ActiveCfg = Release|Any CPU
		{12ECADA7-9401-40D7-B0DD-5297F90D16FE}.Release|Any CPU.Build.0 = Release|Any CPU
		{F32EF368-E309-4FD6-AF8D-F644ABB07608}.Debug|Any CPU.ActiveCfg = Debug|Any CPU
		{F32EF368-E309-4FD6-AF8D-F644ABB07608}.Debug|Any CPU.Build.0 = Debug|Any CPU
		{F32EF368-E309-4FD6-AF8D-F644ABB07608}.Release|Any CPU.ActiveCfg = Release|Any CPU
		{F32EF368-E309-4FD6-AF8D-F644ABB07608}.Release|Any CPU.Build.0 = Release|Any CPU
		{270928DA-E368-4B71-B22B-8451E97E80D0}.Debug|Any CPU.ActiveCfg = Debug|Any CPU
		{270928DA-E368-4B71-B22B-8451E97E80D0}.Debug|Any CPU.Build.0 = Debug|Any CPU
		{270928DA-E368-4B71-B22B-8451E97E80D0}.Release|Any CPU.ActiveCfg = Release|Any CPU
		{270928DA-E368-4B71-B22B-8451E97E80D0}.Release|Any CPU.Build.0 = Release|Any CPU
		{503EA53B-E18A-46F7-AE0F-1648CAACAF3B}.Debug|Any CPU.ActiveCfg = Debug|Any CPU
		{503EA53B-E18A-46F7-AE0F-1648CAACAF3B}.Debug|Any CPU.Build.0 = Debug|Any CPU
		{503EA53B-E18A-46F7-AE0F-1648CAACAF3B}.Release|Any CPU.ActiveCfg = Release|Any CPU
		{503EA53B-E18A-46F7-AE0F-1648CAACAF3B}.Release|Any CPU.Build.0 = Release|Any CPU
		{2B3D67E2-8E13-4011-9398-5A07E1345F87}.Debug|Any CPU.ActiveCfg = Debug|Any CPU
		{2B3D67E2-8E13-4011-9398-5A07E1345F87}.Debug|Any CPU.Build.0 = Debug|Any CPU
		{2B3D67E2-8E13-4011-9398-5A07E1345F87}.Release|Any CPU.ActiveCfg = Release|Any CPU
		{2B3D67E2-8E13-4011-9398-5A07E1345F87}.Release|Any CPU.Build.0 = Release|Any CPU
		{93E53FC4-25C5-429B-9DDA-B1EB2F9DA1C2}.Debug|Any CPU.ActiveCfg = Debug|Any CPU
		{93E53FC4-25C5-429B-9DDA-B1EB2F9DA1C2}.Debug|Any CPU.Build.0 = Debug|Any CPU
		{93E53FC4-25C5-429B-9DDA-B1EB2F9DA1C2}.Release|Any CPU.ActiveCfg = Release|Any CPU
		{93E53FC4-25C5-429B-9DDA-B1EB2F9DA1C2}.Release|Any CPU.Build.0 = Release|Any CPU
	EndGlobalSection
	GlobalSection(SolutionProperties) = preSolution
		HideSolutionNode = FALSE
	EndGlobalSection
	GlobalSection(ExtensibilityGlobals) = postSolution
		SolutionGuid = {1282626F-7821-44AD-B0CE-C27571123040}
	EndGlobalSection
EndGlobal
