
Microsoft Visual Studio Solution File, Format Version 12.00
# Visual Studio Version 17
VisualStudioVersion = 17.9.34728.123
MinimumVisualStudioVersion = 10.0.40219.1
Project("{FAE04EC0-301F-11D3-BF4B-00C04F79EFBC}") = "FirstApp", "FirstApp\FirstApp.csproj", "{770243DF-CC26-443F-92D3-0205326AA2D6}"
EndProject
Project("{9A19103F-16F7-4668-BE54-9A1E7A4F7556}") = "Anketa", "Anketa\Anketa.csproj", "{12ECADA7-9401-40D7-B0DD-5297F90D16FE}"
EndProject
Project("{FAE04EC0-301F-11D3-BF4B-00C04F79EFBC}") = "Methods", "Methods\Methods.csproj", "{F32EF368-E309-4FD6-AF8D-F644ABB07608}"
EndProject
Project("{FAE04EC0-301F-11D3-BF4B-00C04F79EFBC}") = "MethodsFinalTask", "MethodsFinalTask\MethodsFinalTask.csproj", "{270928DA-E368-4B71-B22B-8451E97E80D0}"
EndProject
Project("{FAE04EC0-301F-11D3-BF4B-00C04F79EFBC}") = "OOP", "OOP\OOP.csproj", "{503EA53B-E18A-46F7-AE0F-1648CAACAF3B}"
EndProject
Project("{FAE04EC0-301F-11D3-BF4B-00C04F79EFBC}") = "OOPFinalTask", "OOPFinalTask\OOPFinalTask.csproj", "{2B3D67E2-8E13-4011-9398-5A07E1345F87}"
EndProject
Project("{FAE04EC0-301F-11D3-BF4B-00C04F79EFBC}") = "FilesApp", "FilesApp\FilesApp.csproj", "{E93D3D1F-A972-4AC1-AE93-76942304C1D1}"
EndProject
Project("{FAE04EC0-301F-11D3-BF4B-00C04F79EFBC}") = "Exceptions", "ExtensionsDelegate\Exceptions.csproj", "{20370713-6212-4534-AE80-7FDD6E388C18}"
EndProject
Project("{FAE04EC0-301F-11D3-BF4B-00C04F79EFBC}") = "Delegates", "Delegates\Delegates.csproj", "{133C7EFC-F234-40F2-A9E0-F6FF24EBFB9D}"
EndProject
Project("{FAE04EC0-301F-11D3-BF4B-00C04F79EFBC}") = "Files", "Files\Files.csproj", "{93E53FC4-25C5-429B-9DDA-B1EB2F9DA1C2}"
EndProject
Project("{FAE04EC0-301F-11D3-BF4B-00C04F79EFBC}") = "DelegateExample", "DelegateExample\DelegateExample.csproj", "{07F728B4-BA54-467A-86DC-629433D0F321}"
EndProject
Project("{FAE04EC0-301F-11D3-BF4B-00C04F79EFBC}") = "DelegateCovarientContcovarient", "DelegateCovarientContcovarient\DelegateCovarientContcovarient.csproj", "{18083C61-6F7E-4E7B-A3E8-D1643657824B}"
EndProject
Project("{FAE04EC0-301F-11D3-BF4B-00C04F79EFBC}") = "DelegateEvent", "DelegateEvent\DelegateEvent.csproj", "{3909BEB3-280F-4D8A-896B-BAE26F5C1EA6}"
EndProject
Project("{FAE04EC0-301F-11D3-BF4B-00C04F79EFBC}") = "DelegateEventExample", "DelegateEventExample\DelegateEventExample.csproj", "{042C2CEE-32D0-43BC-A59D-0CC0C49C15FA}"
EndProject
Project("{FAE04EC0-301F-11D3-BF4B-00C04F79EFBC}") = "ExceptionsDelegateEventsFinalTask", "ExceptionsDelegateFinalTask\ExceptionsDelegateEventsFinalTask.csproj", "{8F8B28F5-2B17-4F92-8B14-2938D1B6570E}"
EndProject
Global
	GlobalSection(SolutionConfigurationPlatforms) = preSolution
		Debug|Any CPU = Debug|Any CPU
		Release|Any CPU = Release|Any CPU
	EndGlobalSection
	GlobalSection(ProjectConfigurationPlatforms) = postSolution
		{770243DF-CC26-443F-92D3-0205326AA2D6}.Debug|Any CPU.ActiveCfg = Debug|Any CPU
		{770243DF-CC26-443F-92D3-0205326AA2D6}.Debug|Any CPU.Build.0 = Debug|Any CPU
		{770243DF-CC26-443F-92D3-0205326AA2D6}.Release|Any CPU.ActiveCfg = Release|Any CPU
		{770243DF-CC26-443F-92D3-0205326AA2D6}.Release|Any CPU.Build.0 = Release|Any CPU
		{12ECADA7-9401-40D7-B0DD-5297F90D16FE}.Debug|Any CPU.ActiveCfg = Debug|Any CPU
		{12ECADA7-9401-40D7-B0DD-5297F90D16FE}.Debug|Any CPU.Build.0 = Debug|Any CPU
		{12ECADA7-9401-40D7-B0DD-5297F90D16FE}.Release|Any CPU.ActiveCfg = Release|Any CPU
		{12ECADA7-9401-40D7-B0DD-5297F90D16FE}.Release|Any CPU.Build.0 = Release|Any CPU
		{F32EF368-E309-4FD6-AF8D-F644ABB07608}.Debug|Any CPU.ActiveCfg = Debug|Any CPU
		{F32EF368-E309-4FD6-AF8D-F644ABB07608}.Debug|Any CPU.Build.0 = Debug|Any CPU
		{F32EF368-E309-4FD6-AF8D-F644ABB07608}.Release|Any CPU.ActiveCfg = Release|Any CPU
		{F32EF368-E309-4FD6-AF8D-F644ABB07608}.Release|Any CPU.Build.0 = Release|Any CPU
		{270928DA-E368-4B71-B22B-8451E97E80D0}.Debug|Any CPU.ActiveCfg = Debug|Any CPU
		{270928DA-E368-4B71-B22B-8451E97E80D0}.Debug|Any CPU.Build.0 = Debug|Any CPU
		{270928DA-E368-4B71-B22B-8451E97E80D0}.Release|Any CPU.ActiveCfg = Release|Any CPU
		{270928DA-E368-4B71-B22B-8451E97E80D0}.Release|Any CPU.Build.0 = Release|Any CPU
		{503EA53B-E18A-46F7-AE0F-1648CAACAF3B}.Debug|Any CPU.ActiveCfg = Debug|Any CPU
		{503EA53B-E18A-46F7-AE0F-1648CAACAF3B}.Debug|Any CPU.Build.0 = Debug|Any CPU
		{503EA53B-E18A-46F7-AE0F-1648CAACAF3B}.Release|Any CPU.ActiveCfg = Release|Any CPU
		{503EA53B-E18A-46F7-AE0F-1648CAACAF3B}.Release|Any CPU.Build.0 = Release|Any CPU
		{2B3D67E2-8E13-4011-9398-5A07E1345F87}.Debug|Any CPU.ActiveCfg = Debug|Any CPU
		{2B3D67E2-8E13-4011-9398-5A07E1345F87}.Debug|Any CPU.Build.0 = Debug|Any CPU
		{2B3D67E2-8E13-4011-9398-5A07E1345F87}.Release|Any CPU.ActiveCfg = Release|Any CPU
		{2B3D67E2-8E13-4011-9398-5A07E1345F87}.Release|Any CPU.Build.0 = Release|Any CPU
		{E93D3D1F-A972-4AC1-AE93-76942304C1D1}.Debug|Any CPU.ActiveCfg = Debug|Any CPU
		{E93D3D1F-A972-4AC1-AE93-76942304C1D1}.Debug|Any CPU.Build.0 = Debug|Any CPU
		{E93D3D1F-A972-4AC1-AE93-76942304C1D1}.Release|Any CPU.ActiveCfg = Release|Any CPU
		{E93D3D1F-A972-4AC1-AE93-76942304C1D1}.Release|Any CPU.Build.0 = Release|Any CPU
		{20370713-6212-4534-AE80-7FDD6E388C18}.Debug|Any CPU.ActiveCfg = Debug|Any CPU
		{20370713-6212-4534-AE80-7FDD6E388C18}.Debug|Any CPU.Build.0 = Debug|Any CPU
		{20370713-6212-4534-AE80-7FDD6E388C18}.Release|Any CPU.ActiveCfg = Release|Any CPU
		{20370713-6212-4534-AE80-7FDD6E388C18}.Release|Any CPU.Build.0 = Release|Any CPU
		{133C7EFC-F234-40F2-A9E0-F6FF24EBFB9D}.Debug|Any CPU.ActiveCfg = Debug|Any CPU
		{133C7EFC-F234-40F2-A9E0-F6FF24EBFB9D}.Debug|Any CPU.Build.0 = Debug|Any CPU
		{133C7EFC-F234-40F2-A9E0-F6FF24EBFB9D}.Release|Any CPU.ActiveCfg = Release|Any CPU
		{133C7EFC-F234-40F2-A9E0-F6FF24EBFB9D}.Release|Any CPU.Build.0 = Release|Any CPU
		{93E53FC4-25C5-429B-9DDA-B1EB2F9DA1C2}.Debug|Any CPU.ActiveCfg = Debug|Any CPU
		{93E53FC4-25C5-429B-9DDA-B1EB2F9DA1C2}.Debug|Any CPU.Build.0 = Debug|Any CPU
		{93E53FC4-25C5-429B-9DDA-B1EB2F9DA1C2}.Release|Any CPU.ActiveCfg = Release|Any CPU
		{93E53FC4-25C5-429B-9DDA-B1EB2F9DA1C2}.Release|Any CPU.Build.0 = Release|Any CPU
		{07F728B4-BA54-467A-86DC-629433D0F321}.Debug|Any CPU.ActiveCfg = Debug|Any CPU
		{07F728B4-BA54-467A-86DC-629433D0F321}.Debug|Any CPU.Build.0 = Debug|Any CPU
		{07F728B4-BA54-467A-86DC-629433D0F321}.Release|Any CPU.ActiveCfg = Release|Any CPU
		{07F728B4-BA54-467A-86DC-629433D0F321}.Release|Any CPU.Build.0 = Release|Any CPU
		{18083C61-6F7E-4E7B-A3E8-D1643657824B}.Debug|Any CPU.ActiveCfg = Debug|Any CPU
		{18083C61-6F7E-4E7B-A3E8-D1643657824B}.Debug|Any CPU.Build.0 = Debug|Any CPU
		{18083C61-6F7E-4E7B-A3E8-D1643657824B}.Release|Any CPU.ActiveCfg = Release|Any CPU
		{18083C61-6F7E-4E7B-A3E8-D1643657824B}.Release|Any CPU.Build.0 = Release|Any CPU
		{3909BEB3-280F-4D8A-896B-BAE26F5C1EA6}.Debug|Any CPU.ActiveCfg = Debug|Any CPU
		{3909BEB3-280F-4D8A-896B-BAE26F5C1EA6}.Debug|Any CPU.Build.0 = Debug|Any CPU
		{3909BEB3-280F-4D8A-896B-BAE26F5C1EA6}.Release|Any CPU.ActiveCfg = Release|Any CPU
		{3909BEB3-280F-4D8A-896B-BAE26F5C1EA6}.Release|Any CPU.Build.0 = Release|Any CPU
		{042C2CEE-32D0-43BC-A59D-0CC0C49C15FA}.Debug|Any CPU.ActiveCfg = Debug|Any CPU
		{042C2CEE-32D0-43BC-A59D-0CC0C49C15FA}.Debug|Any CPU.Build.0 = Debug|Any CPU
		{042C2CEE-32D0-43BC-A59D-0CC0C49C15FA}.Release|Any CPU.ActiveCfg = Release|Any CPU
		{042C2CEE-32D0-43BC-A59D-0CC0C49C15FA}.Release|Any CPU.Build.0 = Release|Any CPU
		{8F8B28F5-2B17-4F92-8B14-2938D1B6570E}.Debug|Any CPU.ActiveCfg = Debug|Any CPU
		{8F8B28F5-2B17-4F92-8B14-2938D1B6570E}.Debug|Any CPU.Build.0 = Debug|Any CPU
		{8F8B28F5-2B17-4F92-8B14-2938D1B6570E}.Release|Any CPU.ActiveCfg = Release|Any CPU
		{8F8B28F5-2B17-4F92-8B14-2938D1B6570E}.Release|Any CPU.Build.0 = Release|Any CPU
	EndGlobalSection
	GlobalSection(SolutionProperties) = preSolution
		HideSolutionNode = FALSE
	EndGlobalSection
	GlobalSection(ExtensibilityGlobals) = postSolution
		SolutionGuid = {1282626F-7821-44AD-B0CE-C27571123040}
	EndGlobalSection
EndGlobal
